<?xml version="1.0" encoding="utf-8"?>
<Project ToolsVersion="4.0" xmlns="http://schemas.microsoft.com/developer/msbuild/2003">
  <ItemGroup>
    <Filter Include="Source Files">
      <UniqueIdentifier>{4FC737F1-C7A5-4376-A066-2A32D752A2FF}</UniqueIdentifier>
      <Extensions>cpp;c;cc;cxx;def;odl;idl;hpj;bat;asm;asmx</Extensions>
    </Filter>
    <Filter Include="Header Files">
      <UniqueIdentifier>{93995380-89BD-4b04-88EB-625FBE52EBFB}</UniqueIdentifier>
      <Extensions>h;hh;hpp;hxx;hm;inl;inc;xsd</Extensions>
    </Filter>
    <Filter Include="Resource Files">
      <UniqueIdentifier>{67DA6AB6-F800-4c08-8B7A-83BB121AAD01}</UniqueIdentifier>
      <Extensions>rc;ico;cur;bmp;dlg;rc2;rct;bin;rgs;gif;jpg;jpeg;jpe;resx;tiff;tif;png;wav;mfcribbon-ms</Extensions>
    </Filter>
    <Filter Include="Header Files\math">
      <UniqueIdentifier>{cdaa8ee2-69f3-4efa-88f5-a493ac5f01f0}</UniqueIdentifier>
    </Filter>
    <Filter Include="Source Files\math">
      <UniqueIdentifier>{ff8e595e-caf6-4578-a0d5-8e4bb2d0001c}</UniqueIdentifier>
    </Filter>
    <Filter Include="Header Files\view">
      <UniqueIdentifier>{6f6f4a5c-9df0-4b84-906b-808fec3e5af3}</UniqueIdentifier>
    </Filter>
    <Filter Include="Source Files\view">
      <UniqueIdentifier>{086ea52f-7f93-4790-8636-f607da838789}</UniqueIdentifier>
    </Filter>
    <Filter Include="Header Files\util">
      <UniqueIdentifier>{d923cefe-6331-4691-8e0d-dfa6ab9bc28b}</UniqueIdentifier>
    </Filter>
    <Filter Include="Header Files\model">
      <UniqueIdentifier>{f5eb07f2-faa7-40e1-9771-d096c5fe3d80}</UniqueIdentifier>
    </Filter>
    <Filter Include="Source Files\model">
      <UniqueIdentifier>{7e0151da-0239-45f4-a7b2-bfc907257f2c}</UniqueIdentifier>
    </Filter>
    <Filter Include="Header Files\sound">
      <UniqueIdentifier>{b394b8e0-3fe8-48ef-b65a-51e710f97e5d}</UniqueIdentifier>
    </Filter>
    <Filter Include="Source Files\sound">
      <UniqueIdentifier>{c1a00d3d-5e6c-4005-8809-490b2744b025}</UniqueIdentifier>
    </Filter>
    <Filter Include="Header Files\view\texture">
      <UniqueIdentifier>{7263343b-6367-46ae-8fc7-b62feaa642d7}</UniqueIdentifier>
    </Filter>
    <Filter Include="Header Files\view\texture\readers">
      <UniqueIdentifier>{cd642b28-c8ba-4e80-b73a-e4a8dafe86a8}</UniqueIdentifier>
    </Filter>
    <Filter Include="Source Files\view\texture">
      <UniqueIdentifier>{0035ae78-a35d-45d5-ba68-771c0e6e0e8e}</UniqueIdentifier>
    </Filter>
    <Filter Include="Source Files\view\texture\readers">
      <UniqueIdentifier>{10196595-1dd8-4a22-ba13-83e6b6df206d}</UniqueIdentifier>
    </Filter>
  </ItemGroup>
  <ItemGroup>
    <ClCompile Include="Mat3.cpp">
      <Filter>Source Files\math</Filter>
    </ClCompile>
    <ClCompile Include="Mat4.cpp">
      <Filter>Source Files\math</Filter>
    </ClCompile>
    <ClCompile Include="Vec2.cpp">
      <Filter>Source Files\math</Filter>
    </ClCompile>
    <ClCompile Include="BaseOpenGLWindow.cpp">
      <Filter>Source Files\view</Filter>
    </ClCompile>
    <ClCompile Include="Shader.cpp">
      <Filter>Source Files\view</Filter>
    </ClCompile>
    <ClCompile Include="BufferConfigurator.cpp">
      <Filter>Source Files\view</Filter>
    </ClCompile>
    <ClCompile Include="BaseOpenGLRenderer.cpp">
      <Filter>Source Files\view</Filter>
    </ClCompile>
    <ClCompile Include="PhysicsEngine.cpp">
      <Filter>Source Files\model</Filter>
    </ClCompile>
    <ClCompile Include="WaveLoader.cpp">
      <Filter>Source Files\sound</Filter>
    </ClCompile>
    <ClCompile Include="ShaderFactory.cpp">
      <Filter>Source Files\view</Filter>
    </ClCompile>
    <ClCompile Include="SoundDriver.cpp">
      <Filter>Source Files\sound</Filter>
    </ClCompile>
    <ClCompile Include="UserInputController.cpp">
      <Filter>Source Files\view</Filter>
    </ClCompile>
    <ClCompile Include="Texture.cpp">
      <Filter>Source Files\view\texture</Filter>
    </ClCompile>
    <ClCompile Include="BmpReader.cpp">
      <Filter>Source Files\view\texture\readers</Filter>
    </ClCompile>
  </ItemGroup>
  <ItemGroup>
    <ClInclude Include="Mat3.h">
      <Filter>Header Files\math</Filter>
    </ClInclude>
    <ClInclude Include="Mat4.h">
      <Filter>Header Files\math</Filter>
    </ClInclude>
    <ClInclude Include="Vec2.h">
      <Filter>Header Files\math</Filter>
    </ClInclude>
    <ClInclude Include="BaseOpenGLWindow.h">
      <Filter>Header Files\view</Filter>
    </ClInclude>
    <ClInclude Include="Shader.h">
      <Filter>Header Files\view</Filter>
    </ClInclude>
    <ClInclude Include="BufferConfigurator.h">
      <Filter>Header Files\view</Filter>
    </ClInclude>
    <ClInclude Include="structs.h">
      <Filter>Header Files\util</Filter>
    </ClInclude>
    <ClInclude Include="BaseOpenGLRenderer.h">
      <Filter>Header Files\view</Filter>
    </ClInclude>
    <ClInclude Include="PhysicsEngine.h">
      <Filter>Header Files\model</Filter>
    </ClInclude>
    <ClInclude Include="Entity.h">
      <Filter>Header Files\model</Filter>
    </ClInclude>
    <ClInclude Include="WaveLoader.h">
      <Filter>Header Files\sound</Filter>
    </ClInclude>
    <ClInclude Include="ShaderFactory.h">
      <Filter>Header Files\view</Filter>
    </ClInclude>
    <ClInclude Include="SoundDriver.h">
      <Filter>Header Files\sound</Filter>
    </ClInclude>
    <ClInclude Include="InternalLogic.h">
      <Filter>Header Files\model</Filter>
    </ClInclude>
    <ClInclude Include="UserInputController.h">
      <Filter>Header Files\view</Filter>
    </ClInclude>
    <ClInclude Include="BmpReader.h">
      <Filter>Header Files\view\texture\readers</Filter>
    </ClInclude>
    <ClInclude Include="Texture.h">
      <Filter>Header Files\view\texture</Filter>
    </ClInclude>
    <ClInclude Include="Reader.h">
      <Filter>Header Files\view\texture\readers</Filter>
    </ClInclude>
    <ClInclude Include="Camera.h">
      <Filter>Header Files\view</Filter>
    </ClInclude>
  </ItemGroup>
  <ItemGroup>
    <Media Include="test.wav">
      <Filter>Resource Files</Filter>
    </Media>
  </ItemGroup>
</Project>